
Microsoft Visual Studio Solution File, Format Version 12.00
# Visual Studio Version 16
VisualStudioVersion = 16.0.30413.136
MinimumVisualStudioVersion = 10.0.40219.1
Project("{FAE04EC0-301F-11D3-BF4B-00C04F79EFBC}") = "Ejercicio01", "Ejercicio01\Ejercicio01.csproj", "{CF544E3E-04E1-46D1-B771-6443EBC9358C}"
EndProject
Project("{FAE04EC0-301F-11D3-BF4B-00C04F79EFBC}") = "Ejercicio02", "Ejercicio02\Ejercicio02.csproj", "{A4B5CCC9-6B39-4DA7-9017-5CE7F23E09D2}"
EndProject
Project("{FAE04EC0-301F-11D3-BF4B-00C04F79EFBC}") = "Ejercicio03", "Ejercicio03\Ejercicio03.csproj", "{97552AC2-C538-47EF-8A58-3C18AAE65BAB}"
EndProject
Project("{FAE04EC0-301F-11D3-BF4B-00C04F79EFBC}") = "Ejercicio04", "Ejercicio04\Ejercicio04.csproj", "{F6F2F730-DEAD-4DDB-B9D8-479295A45629}"
EndProject
Project("{FAE04EC0-301F-11D3-BF4B-00C04F79EFBC}") = "Ejercicio05", "Ejercicio05\Ejercicio05.csproj", "{4F628306-DEBC-4D91-BEC7-AEC969C9EAC6}"
EndProject
Global
	GlobalSection(SolutionConfigurationPlatforms) = preSolution
		Debug|Any CPU = Debug|Any CPU
		Release|Any CPU = Release|Any CPU
	EndGlobalSection
	GlobalSection(ProjectConfigurationPlatforms) = postSolution
		{CF544E3E-04E1-46D1-B771-6443EBC9358C}.Debug|Any CPU.ActiveCfg = Debug|Any CPU
		{CF544E3E-04E1-46D1-B771-6443EBC9358C}.Debug|Any CPU.Build.0 = Debug|Any CPU
		{CF544E3E-04E1-46D1-B771-6443EBC9358C}.Release|Any CPU.ActiveCfg = Release|Any CPU
		{CF544E3E-04E1-46D1-B771-6443EBC9358C}.Release|Any CPU.Build.0 = Release|Any CPU
		{A4B5CCC9-6B39-4DA7-9017-5CE7F23E09D2}.Debug|Any CPU.ActiveCfg = Debug|Any CPU
		{A4B5CCC9-6B39-4DA7-9017-5CE7F23E09D2}.Debug|Any CPU.Build.0 = Debug|Any CPU
		{A4B5CCC9-6B39-4DA7-9017-5CE7F23E09D2}.Release|Any CPU.ActiveCfg = Release|Any CPU
		{A4B5CCC9-6B39-4DA7-9017-5CE7F23E09D2}.Release|Any CPU.Build.0 = Release|Any CPU
		{97552AC2-C538-47EF-8A58-3C18AAE65BAB}.Debug|Any CPU.ActiveCfg = Debug|Any CPU
		{97552AC2-C538-47EF-8A58-3C18AAE65BAB}.Debug|Any CPU.Build.0 = Debug|Any CPU
		{97552AC2-C538-47EF-8A58-3C18AAE65BAB}.Release|Any CPU.ActiveCfg = Release|Any CPU
		{97552AC2-C538-47EF-8A58-3C18AAE65BAB}.Release|Any CPU.Build.0 = Release|Any CPU
		{F6F2F730-DEAD-4DDB-B9D8-479295A45629}.Debug|Any CPU.ActiveCfg = Debug|Any CPU
		{F6F2F730-DEAD-4DDB-B9D8-479295A45629}.Debug|Any CPU.Build.0 = Debug|Any CPU
		{F6F2F730-DEAD-4DDB-B9D8-479295A45629}.Release|Any CPU.ActiveCfg = Release|Any CPU
		{F6F2F730-DEAD-4DDB-B9D8-479295A45629}.Release|Any CPU.Build.0 = Release|Any CPU
		{4F628306-DEBC-4D91-BEC7-AEC969C9EAC6}.Debug|Any CPU.ActiveCfg = Debug|Any CPU
		{4F628306-DEBC-4D91-BEC7-AEC969C9EAC6}.Debug|Any CPU.Build.0 = Debug|Any CPU
		{4F628306-DEBC-4D91-BEC7-AEC969C9EAC6}.Release|Any CPU.ActiveCfg = Release|Any CPU
		{4F628306-DEBC-4D91-BEC7-AEC969C9EAC6}.Release|Any CPU.Build.0 = Release|Any CPU
	EndGlobalSection
	GlobalSection(SolutionProperties) = preSolution
		HideSolutionNode = FALSE
	EndGlobalSection
	GlobalSection(ExtensibilityGlobals) = postSolution
		SolutionGuid = {34580808-589A-49CD-B0A6-D2FEB9F92698}
	EndGlobalSection
EndGlobal
